
Microsoft Visual Studio Solution File, Format Version 12.00
# Visual Studio Version 16
VisualStudioVersion = 16.0.31605.320
MinimumVisualStudioVersion = 10.0.40219.1
Project("{9A19103F-16F7-4668-BE54-9A1E7A4F7556}") = "FeedHistory.Service.Api", "FeedHistory.Service.Api\FeedHistory.Service.Api.csproj", "{6FC9AD25-C241-42BB-898B-793BAB443BD0}"
EndProject
Project("{2150E333-8FDC-42A3-9474-1A3956D46DE8}") = "service", "service", "{860CCD1E-7CF9-4C5F-80D7-79A4896EA471}"
EndProject
Project("{9A19103F-16F7-4668-BE54-9A1E7A4F7556}") = "FeedHistory.Service.Listener", "FeedHistory.Service.Listener\FeedHistory.Service.Listener.csproj", "{67BFA471-76AD-43C0-873E-A8A83C055D40}"
EndProject
Project("{9A19103F-16F7-4668-BE54-9A1E7A4F7556}") = "FeedHistory.Service.Synchronizator", "FeedHistory.Service.Synchronizator\FeedHistory.Service.Synchronizator.csproj", "{D3A37522-4EF8-494F-BCEF-2A9ECD528870}"
EndProject
Project("{2150E333-8FDC-42A3-9474-1A3956D46DE8}") = "feed", "feed", "{4B861DD9-4E57-446B-AC8D-E0C347048DBB}"
EndProject
Project("{9A19103F-16F7-4668-BE54-9A1E7A4F7556}") = "FeedHistory.Feed.Mock", "FeedHistory.Feed.Mock\FeedHistory.Feed.Mock.csproj", "{B91AAE77-8916-4D0D-B1F9-45116F7B215E}"
EndProject
Project("{FAE04EC0-301F-11D3-BF4B-00C04F79EFBC}") = "FeedHistory.Common", "FeedHistory.Common\FeedHistory.Common.csproj", "{568E4F24-21BE-4AB5-8F50-256D0AF7A0DE}"
EndProject
Project("{9A19103F-16F7-4668-BE54-9A1E7A4F7556}") = "FeedHistory.BarsGenerator", "FeedHistory.BarsGenerator\FeedHistory.BarsGenerator.csproj", "{DD49831B-388D-4A8B-96F8-B7BD17B6F929}"
EndProject
Global
	GlobalSection(SolutionConfigurationPlatforms) = preSolution
		Debug|Any CPU = Debug|Any CPU
		Release|Any CPU = Release|Any CPU
	EndGlobalSection
	GlobalSection(ProjectConfigurationPlatforms) = postSolution
		{6FC9AD25-C241-42BB-898B-793BAB443BD0}.Debug|Any CPU.ActiveCfg = Debug|Any CPU
		{6FC9AD25-C241-42BB-898B-793BAB443BD0}.Debug|Any CPU.Build.0 = Debug|Any CPU
		{6FC9AD25-C241-42BB-898B-793BAB443BD0}.Release|Any CPU.ActiveCfg = Release|Any CPU
		{6FC9AD25-C241-42BB-898B-793BAB443BD0}.Release|Any CPU.Build.0 = Release|Any CPU
		{67BFA471-76AD-43C0-873E-A8A83C055D40}.Debug|Any CPU.ActiveCfg = Debug|Any CPU
		{67BFA471-76AD-43C0-873E-A8A83C055D40}.Debug|Any CPU.Build.0 = Debug|Any CPU
		{67BFA471-76AD-43C0-873E-A8A83C055D40}.Release|Any CPU.ActiveCfg = Release|Any CPU
		{67BFA471-76AD-43C0-873E-A8A83C055D40}.Release|Any CPU.Build.0 = Release|Any CPU
		{D3A37522-4EF8-494F-BCEF-2A9ECD528870}.Debug|Any CPU.ActiveCfg = Debug|Any CPU
		{D3A37522-4EF8-494F-BCEF-2A9ECD528870}.Debug|Any CPU.Build.0 = Debug|Any CPU
		{D3A37522-4EF8-494F-BCEF-2A9ECD528870}.Release|Any CPU.ActiveCfg = Release|Any CPU
		{D3A37522-4EF8-494F-BCEF-2A9ECD528870}.Release|Any CPU.Build.0 = Release|Any CPU
		{B91AAE77-8916-4D0D-B1F9-45116F7B215E}.Debug|Any CPU.ActiveCfg = Debug|Any CPU
		{B91AAE77-8916-4D0D-B1F9-45116F7B215E}.Debug|Any CPU.Build.0 = Debug|Any CPU
		{B91AAE77-8916-4D0D-B1F9-45116F7B215E}.Release|Any CPU.ActiveCfg = Release|Any CPU
		{B91AAE77-8916-4D0D-B1F9-45116F7B215E}.Release|Any CPU.Build.0 = Release|Any CPU
		{568E4F24-21BE-4AB5-8F50-256D0AF7A0DE}.Debug|Any CPU.ActiveCfg = Debug|Any CPU
		{568E4F24-21BE-4AB5-8F50-256D0AF7A0DE}.Debug|Any CPU.Build.0 = Debug|Any CPU
		{568E4F24-21BE-4AB5-8F50-256D0AF7A0DE}.Release|Any CPU.ActiveCfg = Release|Any CPU
		{568E4F24-21BE-4AB5-8F50-256D0AF7A0DE}.Release|Any CPU.Build.0 = Release|Any CPU
		{DD49831B-388D-4A8B-96F8-B7BD17B6F929}.Debug|Any CPU.ActiveCfg = Debug|Any CPU
		{DD49831B-388D-4A8B-96F8-B7BD17B6F929}.Debug|Any CPU.Build.0 = Debug|Any CPU
		{DD49831B-388D-4A8B-96F8-B7BD17B6F929}.Release|Any CPU.ActiveCfg = Release|Any CPU
		{DD49831B-388D-4A8B-96F8-B7BD17B6F929}.Release|Any CPU.Build.0 = Release|Any CPU
	EndGlobalSection
	GlobalSection(SolutionProperties) = preSolution
		HideSolutionNode = FALSE
	EndGlobalSection
	GlobalSection(NestedProjects) = preSolution
		{6FC9AD25-C241-42BB-898B-793BAB443BD0} = {860CCD1E-7CF9-4C5F-80D7-79A4896EA471}
		{67BFA471-76AD-43C0-873E-A8A83C055D40} = {860CCD1E-7CF9-4C5F-80D7-79A4896EA471}
		{D3A37522-4EF8-494F-BCEF-2A9ECD528870} = {860CCD1E-7CF9-4C5F-80D7-79A4896EA471}
		{B91AAE77-8916-4D0D-B1F9-45116F7B215E} = {4B861DD9-4E57-446B-AC8D-E0C347048DBB}
	EndGlobalSection
	GlobalSection(ExtensibilityGlobals) = postSolution
		SolutionGuid = {49B5035E-B232-4122-A7B2-F3DAB2B07ECC}
	EndGlobalSection
EndGlobal
